// !$*UTF8*$!
{
	archiveVersion = 1;
	classes = {
	};
	objectVersion = 50;
	objects = {

/* Begin PBXBuildFile section */
		CE8877AF26B2B50F0050B942 /* Data.swift in Sources */ = {isa = PBXBuildFile; fileRef = CE8877AE26B2B50F0050B942 /* Data.swift */; };
		CE8877B126B2C62C0050B942 /* DetailViewController.swift in Sources */ = {isa = PBXBuildFile; fileRef = CE8877B026B2C62C0050B942 /* DetailViewController.swift */; };
		CEC306EC26B3D0FC00B3ABEC /* TableViewCell.swift in Sources */ = {isa = PBXBuildFile; fileRef = CEC306EB26B3D0FC00B3ABEC /* TableViewCell.swift */; };
		CECB764B26B075D900BF9C29 /* AppDelegate.swift in Sources */ = {isa = PBXBuildFile; fileRef = CECB764A26B075D900BF9C29 /* AppDelegate.swift */; };
		CECB764D26B075D900BF9C29 /* SceneDelegate.swift in Sources */ = {isa = PBXBuildFile; fileRef = CECB764C26B075D900BF9C29 /* SceneDelegate.swift */; };
		CECB764F26B075D900BF9C29 /* ViewController.swift in Sources */ = {isa = PBXBuildFile; fileRef = CECB764E26B075D900BF9C29 /* ViewController.swift */; };
		CECB765226B075D900BF9C29 /* Main.storyboard in Resources */ = {isa = PBXBuildFile; fileRef = CECB765026B075D900BF9C29 /* Main.storyboard */; };
		CECB765426B075DD00BF9C29 /* Assets.xcassets in Resources */ = {isa = PBXBuildFile; fileRef = CECB765326B075DD00BF9C29 /* Assets.xcassets */; };
		CECB765726B075DD00BF9C29 /* LaunchScreen.storyboard in Resources */ = {isa = PBXBuildFile; fileRef = CECB765526B075DD00BF9C29 /* LaunchScreen.storyboard */; };
/* End PBXBuildFile section */

/* Begin PBXFileReference section */
		CE8877AE26B2B50F0050B942 /* Data.swift */ = {isa = PBXFileReference; lastKnownFileType = sourcecode.swift; path = Data.swift; sourceTree = "<group>"; };
		CE8877B026B2C62C0050B942 /* DetailViewController.swift */ = {isa = PBXFileReference; lastKnownFileType = sourcecode.swift; path = DetailViewController.swift; sourceTree = "<group>"; };
		CEC306EB26B3D0FC00B3ABEC /* TableViewCell.swift */ = {isa = PBXFileReference; lastKnownFileType = sourcecode.swift; path = TableViewCell.swift; sourceTree = "<group>"; };
		CECB764726B075D900BF9C29 /* my-App.app */ = {isa = PBXFileReference; explicitFileType = wrapper.application; includeInIndex = 0; path = "my-App.app"; sourceTree = BUILT_PRODUCTS_DIR; };
		CECB764A26B075D900BF9C29 /* AppDelegate.swift */ = {isa = PBXFileReference; lastKnownFileType = sourcecode.swift; path = AppDelegate.swift; sourceTree = "<group>"; };
		CECB764C26B075D900BF9C29 /* SceneDelegate.swift */ = {isa = PBXFileReference; lastKnownFileType = sourcecode.swift; path = SceneDelegate.swift; sourceTree = "<group>"; };
		CECB764E26B075D900BF9C29 /* ViewController.swift */ = {isa = PBXFileReference; lastKnownFileType = sourcecode.swift; path = ViewController.swift; sourceTree = "<group>"; };
		CECB765126B075D900BF9C29 /* Base */ = {isa = PBXFileReference; lastKnownFileType = file.storyboard; name = Base; path = Base.lproj/Main.storyboard; sourceTree = "<group>"; };
		CECB765326B075DD00BF9C29 /* Assets.xcassets */ = {isa = PBXFileReference; lastKnownFileType = folder.assetcatalog; path = Assets.xcassets; sourceTree = "<group>"; };
		CECB765626B075DD00BF9C29 /* Base */ = {isa = PBXFileReference; lastKnownFileType = file.storyboard; name = Base; path = Base.lproj/LaunchScreen.storyboard; sourceTree = "<group>"; };
		CECB765826B075DD00BF9C29 /* Info.plist */ = {isa = PBXFileReference; lastKnownFileType = text.plist.xml; path = Info.plist; sourceTree = "<group>"; };
/* End PBXFileReference section */

/* Begin PBXFrameworksBuildPhase section */
		CECB764426B075D900BF9C29 /* Frameworks */ = {
			isa = PBXFrameworksBuildPhase;
			buildActionMask = 2147483647;
			files = (
			);
			runOnlyForDeploymentPostprocessing = 0;
		};
/* End PBXFrameworksBuildPhase section */

/* Begin PBXGroup section */
		CECB763E26B075D900BF9C29 = {
			isa = PBXGroup;
			children = (
				CECB764926B075D900BF9C29 /* my-App */,
				CECB764826B075D900BF9C29 /* Products */,
			);
			sourceTree = "<group>";
		};
		CECB764826B075D900BF9C29 /* Products */ = {
			isa = PBXGroup;
			children = (
				CECB764726B075D900BF9C29 /* my-App.app */,
			);
			name = Products;
			sourceTree = "<group>";
		};
		CECB764926B075D900BF9C29 /* my-App */ = {
			isa = PBXGroup;
			children = (
				CECB764A26B075D900BF9C29 /* AppDelegate.swift */,
				CECB764C26B075D900BF9C29 /* SceneDelegate.swift */,
				CE8877AE26B2B50F0050B942 /* Data.swift */,
				CECB764E26B075D900BF9C29 /* ViewController.swift */,
				CE8877B026B2C62C0050B942 /* DetailViewController.swift */,
				CEC306EB26B3D0FC00B3ABEC /* TableViewCell.swift */,
				CECB765026B075D900BF9C29 /* Main.storyboard */,
				CECB765326B075DD00BF9C29 /* Assets.xcassets */,
				CECB765526B075DD00BF9C29 /* LaunchScreen.storyboard */,
				CECB765826B075DD00BF9C29 /* Info.plist */,
			);
			path = "my-App";
			sourceTree = "<group>";
		};
/* End PBXGroup section */

/* Begin PBXNativeTarget section */
		CECB764626B075D900BF9C29 /* my-App */ = {
			isa = PBXNativeTarget;
			buildConfigurationList = CECB765B26B075DD00BF9C29 /* Build configuration list for PBXNativeTarget "my-App" */;
			buildPhases = (
				CECB764326B075D900BF9C29 /* Sources */,
				CECB764426B075D900BF9C29 /* Frameworks */,
				CECB764526B075D900BF9C29 /* Resources */,
			);
			buildRules = (
			);
			dependencies = (
			);
			name = "my-App";
			productName = "my-App";
			productReference = CECB764726B075D900BF9C29 /* my-App.app */;
			productType = "com.apple.product-type.application";
		};
/* End PBXNativeTarget section */

/* Begin PBXProject section */
		CECB763F26B075D900BF9C29 /* Project object */ = {
			isa = PBXProject;
			attributes = {
				LastSwiftUpdateCheck = 1250;
				LastUpgradeCheck = 1250;
				TargetAttributes = {
					CECB764626B075D900BF9C29 = {
						CreatedOnToolsVersion = 12.5.1;
					};
				};
			};
			buildConfigurationList = CECB764226B075D900BF9C29 /* Build configuration list for PBXProject "my-App" */;
			compatibilityVersion = "Xcode 9.3";
			developmentRegion = en;
			hasScannedForEncodings = 0;
			knownRegions = (
				en,
				Base,
			);
			mainGroup = CECB763E26B075D900BF9C29;
			productRefGroup = CECB764826B075D900BF9C29 /* Products */;
			projectDirPath = "";
			projectRoot = "";
			targets = (
				CECB764626B075D900BF9C29 /* my-App */,
			);
		};
/* End PBXProject section */

/* Begin PBXResourcesBuildPhase section */
		CECB764526B075D900BF9C29 /* Resources */ = {
			isa = PBXResourcesBuildPhase;
			buildActionMask = 2147483647;
			files = (
				CECB765726B075DD00BF9C29 /* LaunchScreen.storyboard in Resources */,
				CECB765426B075DD00BF9C29 /* Assets.xcassets in Resources */,
				CECB765226B075D900BF9C29 /* Main.storyboard in Resources */,
			);
			runOnlyForDeploymentPostprocessing = 0;
		};
/* End PBXResourcesBuildPhase section */

/* Begin PBXSourcesBuildPhase section */
		CECB764326B075D900BF9C29 /* Sources */ = {
			isa = PBXSourcesBuildPhase;
			buildActionMask = 2147483647;
			files = (
				CECB764F26B075D900BF9C29 /* ViewController.swift in Sources */,
				CE8877AF26B2B50F0050B942 /* Data.swift in Sources */,
				CE8877B126B2C62C0050B942 /* DetailViewController.swift in Sources */,
				CEC306EC26B3D0FC00B3ABEC /* TableViewCell.swift in Sources */,
				CECB764B26B075D900BF9C29 /* AppDelegate.swift in Sources */,
				CECB764D26B075D900BF9C29 /* SceneDelegate.swift in Sources */,
			);
			runOnlyForDeploymentPostprocessing = 0;
		};
/* End PBXSourcesBuildPhase section */

/* Begin PBXVariantGroup section */
		CECB765026B075D900BF9C29 /* Main.storyboard */ = {
			isa = PBXVariantGroup;
			children = (
				CECB765126B075D900BF9C29 /* Base */,
			);
			name = Main.storyboard;
			sourceTree = "<group>";
		};
		CECB765526B075DD00BF9C29 /* LaunchScreen.storyboard */ = {
			isa = PBXVariantGroup;
			children = (
				CECB765626B075DD00BF9C29 /* Base */,
			);
			name = LaunchScreen.storyboard;
			sourceTree = "<group>";
		};
/* End PBXVariantGroup section */

/* Begin XCBuildConfiguration section */
		CECB765926B075DD00BF9C29 /* Debug */ = {
			isa = XCBuildConfiguration;
			buildSettings = {
				ALWAYS_SEARCH_USER_PATHS = NO;
				CLANG_ANALYZER_NONNULL = YES;
				CLANG_ANALYZER_NUMBER_OBJECT_CONVERSION = YES_AGGRESSIVE;
				CLANG_CXX_LANGUAGE_STANDARD = "gnu++14";
				CLANG_CXX_LIBRARY = "libc++";
				CLANG_ENABLE_MODULES = YES;
				CLANG_ENABLE_OBJC_ARC = YES;
				CLANG_ENABLE_OBJC_WEAK = YES;
				CLANG_WARN_BLOCK_CAPTURE_AUTORELEASING = YES;
				CLANG_WARN_BOOL_CONVERSION = YES;
				CLANG_WARN_COMMA = YES;
				CLANG_WARN_CONSTANT_CONVERSION = YES;
				CLANG_WARN_DEPRECATED_OBJC_IMPLEMENTATIONS = YES;
				CLANG_WARN_DIRECT_OBJC_ISA_USAGE = YES_ERROR;
				CLANG_WARN_DOCUMENTATION_COMMENTS = YES;
				CLANG_WARN_EMPTY_BODY = YES;
				CLANG_WARN_ENUM_CONVERSION = YES;
				CLANG_WARN_INFINITE_RECURSION = YES;
				CLANG_WARN_INT_CONVERSION = YES;
				CLANG_WARN_NON_LITERAL_NULL_CONVERSION = YES;
				CLANG_WARN_OBJC_IMPLICIT_RETAIN_SELF = YES;
				CLANG_WARN_OBJC_LITERAL_CONVERSION = YES;
				CLANG_WARN_OBJC_ROOT_CLASS = YES_ERROR;
				CLANG_WARN_QUOTED_INCLUDE_IN_FRAMEWORK_HEADER = YES;
				CLANG_WARN_RANGE_LOOP_ANALYSIS = YES;
				CLANG_WARN_STRICT_PROTOTYPES = YES;
				CLANG_WARN_SUSPICIOUS_MOVE = YES;
				CLANG_WARN_UNGUARDED_AVAILABILITY = YES_AGGRESSIVE;
				CLANG_WARN_UNREACHABLE_CODE = YES;
				CLANG_WARN__DUPLICATE_METHOD_MATCH = YES;
				COPY_PHASE_STRIP = NO;
				DEBUG_INFORMATION_FORMAT = dwarf;
				ENABLE_STRICT_OBJC_MSGSEND = YES;
				ENABLE_TESTABILITY = YES;
				GCC_C_LANGUAGE_STANDARD = gnu11;
				GCC_DYNAMIC_NO_PIC = NO;
				GCC_NO_COMMON_BLOCKS = YES;
				GCC_OPTIMIZATION_LEVEL = 0;
				GCC_PREPROCESSOR_DEFINITIONS = (
					"DEBUG=1",
					"$(inherited)",
				);
				GCC_WARN_64_TO_32_BIT_CONVERSION = YES;
				GCC_WARN_ABOUT_RETURN_TYPE = YES_ERROR;
				GCC_WARN_UNDECLARED_SELECTOR = YES;
				GCC_WARN_UNINITIALIZED_AUTOS = YES_AGGRESSIVE;
				GCC_WARN_UNUSED_FUNCTION = YES;
				GCC_WARN_UNUSED_VARIABLE = YES;
				IPHONEOS_DEPLOYMENT_TARGET = 14.5;
				MTL_ENABLE_DEBUG_INFO = INCLUDE_SOURCE;
				MTL_FAST_MATH = YES;
				ONLY_ACTIVE_ARCH = YES;
				SDKROOT = iphoneos;
				SWIFT_ACTIVE_COMPILATION_CONDITIONS = DEBUG;
				SWIFT_OPTIMIZATION_LEVEL = "-Onone";
			};
			name = Debug;
		};
		CECB765A26B075DD00BF9C29 /* Release */ = {
			isa = XCBuildConfiguration;
			buildSettings = {
				ALWAYS_SEARCH_USER_PATHS = NO;
				CLANG_ANALYZER_NONNULL = YES;
				CLANG_ANALYZER_NUMBER_OBJECT_CONVERSION = YES_AGGRESSIVE;
				CLANG_CXX_LANGUAGE_STANDARD = "gnu++14";
				CLANG_CXX_LIBRARY = "libc++";
				CLANG_ENABLE_MODULES = YES;
				CLANG_ENABLE_OBJC_ARC = YES;
				CLANG_ENABLE_OBJC_WEAK = YES;
				CLANG_WARN_BLOCK_CAPTURE_AUTORELEASING = YES;
				CLANG_WARN_BOOL_CONVERSION = YES;
				CLANG_WARN_COMMA = YES;
				CLANG_WARN_CONSTANT_CONVERSION = YES;
				CLANG_WARN_DEPRECATED_OBJC_IMPLEMENTATIONS = YES;
				CLANG_WARN_DIRECT_OBJC_ISA_USAGE = YES_ERROR;
				CLANG_WARN_DOCUMENTATION_COMMENTS = YES;
				CLANG_WARN_EMPTY_BODY = YES;
				CLANG_WARN_ENUM_CONVERSION = YES;
				CLANG_WARN_INFINITE_RECURSION = YES;
				CLANG_WARN_INT_CONVERSION = YES;
				CLANG_WARN_NON_LITERAL_NULL_CONVERSION = YES;
				CLANG_WARN_OBJC_IMPLICIT_RETAIN_SELF = YES;
				CLANG_WARN_OBJC_LITERAL_CONVERSION = YES;
				CLANG_WARN_OBJC_ROOT_CLASS = YES_ERROR;
				CLANG_WARN_QUOTED_INCLUDE_IN_FRAMEWORK_HEADER = YES;
				CLANG_WARN_RANGE_LOOP_ANALYSIS = YES;
				CLANG_WARN_STRICT_PROTOTYPES = YES;
				CLANG_WARN_SUSPICIOUS_MOVE = YES;
				CLANG_WARN_UNGUARDED_AVAILABILITY = YES_AGGRESSIVE;
				CLANG_WARN_UNREACHABLE_CODE = YES;
				CLANG_WARN__DUPLICATE_METHOD_MATCH = YES;
				COPY_PHASE_STRIP = NO;
				DEBUG_INFORMATION_FORMAT = "dwarf-with-dsym";
				ENABLE_NS_ASSERTIONS = NO;
				ENABLE_STRICT_OBJC_MSGSEND = YES;
				GCC_C_LANGUAGE_STANDARD = gnu11;
				GCC_NO_COMMON_BLOCKS = YES;
				GCC_WARN_64_TO_32_BIT_CONVERSION = YES;
				GCC_WARN_ABOUT_RETURN_TYPE = YES_ERROR;
				GCC_WARN_UNDECLARED_SELECTOR = YES;
				GCC_WARN_UNINITIALIZED_AUTOS = YES_AGGRESSIVE;
				GCC_WARN_UNUSED_FUNCTION = YES;
				GCC_WARN_UNUSED_VARIABLE = YES;
				IPHONEOS_DEPLOYMENT_TARGET = 14.5;
				MTL_ENABLE_DEBUG_INFO = NO;
				MTL_FAST_MATH = YES;
				SDKROOT = iphoneos;
				SWIFT_COMPILATION_MODE = wholemodule;
				SWIFT_OPTIMIZATION_LEVEL = "-O";
				VALIDATE_PRODUCT = YES;
			};
			name = Release;
		};
		CECB765C26B075DD00BF9C29 /* Debug */ = {
			isa = XCBuildConfiguration;
			buildSettings = {
				ASSETCATALOG_COMPILER_APPICON_NAME = AppIcon;
				ASSETCATALOG_COMPILER_GLOBAL_ACCENT_COLOR_NAME = AccentColor;
				CODE_SIGN_STYLE = Automatic;
				DEVELOPMENT_TEAM = 386JXWTAPA;
				INFOPLIST_FILE = "my-App/Info.plist";
				LD_RUNPATH_SEARCH_PATHS = (
					"$(inherited)",
					"@executable_path/Frameworks",
				);
				PRODUCT_BUNDLE_IDENTIFIER = "com.rustamoff1999.my-App";
				PRODUCT_NAME = "$(TARGET_NAME)";
				SWIFT_VERSION = 5.0;
				TARGETED_DEVICE_FAMILY = "1,2";
			};
			name = Debug;
		};
		CECB765D26B075DD00BF9C29 /* Release */ = {
			isa = XCBuildConfiguration;
			buildSettings = {
				ASSETCATALOG_COMPILER_APPICON_NAME = AppIcon;
				ASSETCATALOG_COMPILER_GLOBAL_ACCENT_COLOR_NAME = AccentColor;
				CODE_SIGN_STYLE = Automatic;
				DEVELOPMENT_TEAM = 386JXWTAPA;
				INFOPLIST_FILE = "my-App/Info.plist";
				LD_RUNPATH_SEARCH_PATHS = (
					"$(inherited)",
					"@executable_path/Frameworks",
				);
				PRODUCT_BUNDLE_IDENTIFIER = "com.rustamoff1999.my-App";
				PRODUCT_NAME = "$(TARGET_NAME)";
				SWIFT_VERSION = 5.0;
				TARGETED_DEVICE_FAMILY = "1,2";
			};
			name = Release;
		};
/* End XCBuildConfiguration section */

/* Begin XCConfigurationList section */
		CECB764226B075D900BF9C29 /* Build configuration list for PBXProject "my-App" */ = {
			isa = XCConfigurationList;
			buildConfigurations = (
				CECB765926B075DD00BF9C29 /* Debug */,
				CECB765A26B075DD00BF9C29 /* Release */,
			);
			defaultConfigurationIsVisible = 0;
			defaultConfigurationName = Release;
		};
		CECB765B26B075DD00BF9C29 /* Build configuration list for PBXNativeTarget "my-App" */ = {
			isa = XCConfigurationList;
			buildConfigurations = (
				CECB765C26B075DD00BF9C29 /* Debug */,
				CECB765D26B075DD00BF9C29 /* Release */,
			);
			defaultConfigurationIsVisible = 0;
			defaultConfigurationName = Release;
		};
/* End XCConfigurationList section */
	};
	rootObject = CECB763F26B075D900BF9C29 /* Project object */;
}
